{
  "name": "llm-chatbot-api",
  "lockfileVersion": 3,
  "requires": true,
  "packages": {
    "": {
      "dependencies": {
        "vosk-js": "^0.3.0"
      }
    },
    "node_modules/vosk-js": {
      "version": "0.3.0",
      "resolved": "https://registry.npmjs.org/vosk-js/-/vosk-js-0.3.0.tgz",
      "integrity": "sha512-1CX9StZkdc11azRSu0C80gTYTu+VdOYapYMJcWyDxgqdZFQ9bf6lhPMaXZMnmuWhvVsEcm5tuGyJiLcOBn8eEA==",
      "engines": {
        "node": ">= 12.x.x"
      }
    }
  }
}
